
Microsoft Visual Studio Solution File, Format Version 12.00
# Visual Studio 15
VisualStudioVersion = 15.0.28307.1259
MinimumVisualStudioVersion = 10.0.40219.1
Project("{FAE04EC0-301F-11D3-BF4B-00C04F79EFBC}") = "F74087028_practice_6_2", "F74087028_practice_6_2\F74087028_practice_6_2.csproj", "{B834AF71-1B40-42E4-A4C1-8607F166CC81}"
EndProject
Global
	GlobalSection(SolutionConfigurationPlatforms) = preSolution
		Debug|Any CPU = Debug|Any CPU
		Release|Any CPU = Release|Any CPU
	EndGlobalSection
	GlobalSection(ProjectConfigurationPlatforms) = postSolution
		{B834AF71-1B40-42E4-A4C1-8607F166CC81}.Debug|Any CPU.ActiveCfg = Debug|Any CPU
		{B834AF71-1B40-42E4-A4C1-8607F166CC81}.Debug|Any CPU.Build.0 = Debug|Any CPU
		{B834AF71-1B40-42E4-A4C1-8607F166CC81}.Release|Any CPU.ActiveCfg = Release|Any CPU
		{B834AF71-1B40-42E4-A4C1-8607F166CC81}.Release|Any CPU.Build.0 = Release|Any CPU
	EndGlobalSection
	GlobalSection(SolutionProperties) = preSolution
		HideSolutionNode = FALSE
	EndGlobalSection
	GlobalSection(ExtensibilityGlobals) = postSolution
		SolutionGuid = {7123C587-450C-42A4-8ED6-C0447285F218}
	EndGlobalSection
EndGlobal
